
Microsoft Visual Studio Solution File, Format Version 12.00
# Visual Studio Version 17
VisualStudioVersion = 17.10.34916.146
MinimumVisualStudioVersion = 10.0.40219.1
Project("{8BC9CEB8-8B4A-11D0-8D11-00A0C91BC942}") = "NetworkCore", "NetworkCore\NetworkCore.vcxproj", "{89CA66D4-1F49-4DEE-A97C-E5BFA17CD659}"
EndProject
Project("{8BC9CEB8-8B4A-11D0-8D11-00A0C91BC942}") = "ChattingServer", "ChattingServer\ChattingServer.vcxproj", "{8C4E2242-7A6B-4DE9-9554-0DD5E8DB6C2A}"
EndProject
Project("{8BC9CEB8-8B4A-11D0-8D11-00A0C91BC942}") = "Protocol", "Protocol\Protocol.vcxproj", "{52388ED0-B238-43F7-9C11-6D76E8F8A788}"
	ProjectSection(ProjectDependencies) = postProject
		{89CA66D4-1F49-4DEE-A97C-E5BFA17CD659} = {89CA66D4-1F49-4DEE-A97C-E5BFA17CD659}
	EndProjectSection
EndProject
Global
	GlobalSection(SolutionConfigurationPlatforms) = preSolution
		Debug|x64 = Debug|x64
		Debug|x86 = Debug|x86
		Release|x64 = Release|x64
		Release|x86 = Release|x86
	EndGlobalSection
	GlobalSection(ProjectConfigurationPlatforms) = postSolution
		{89CA66D4-1F49-4DEE-A97C-E5BFA17CD659}.Debug|x64.ActiveCfg = Debug|x64
		{89CA66D4-1F49-4DEE-A97C-E5BFA17CD659}.Debug|x64.Build.0 = Debug|x64
		{89CA66D4-1F49-4DEE-A97C-E5BFA17CD659}.Debug|x86.ActiveCfg = Debug|Win32
		{89CA66D4-1F49-4DEE-A97C-E5BFA17CD659}.Debug|x86.Build.0 = Debug|Win32
		{89CA66D4-1F49-4DEE-A97C-E5BFA17CD659}.Release|x64.ActiveCfg = Release|x64
		{89CA66D4-1F49-4DEE-A97C-E5BFA17CD659}.Release|x64.Build.0 = Release|x64
		{89CA66D4-1F49-4DEE-A97C-E5BFA17CD659}.Release|x86.ActiveCfg = Release|Win32
		{89CA66D4-1F49-4DEE-A97C-E5BFA17CD659}.Release|x86.Build.0 = Release|Win32
		{8C4E2242-7A6B-4DE9-9554-0DD5E8DB6C2A}.Debug|x64.ActiveCfg = Debug|x64
		{8C4E2242-7A6B-4DE9-9554-0DD5E8DB6C2A}.Debug|x64.Build.0 = Debug|x64
		{8C4E2242-7A6B-4DE9-9554-0DD5E8DB6C2A}.Debug|x86.ActiveCfg = Debug|Win32
		{8C4E2242-7A6B-4DE9-9554-0DD5E8DB6C2A}.Debug|x86.Build.0 = Debug|Win32
		{8C4E2242-7A6B-4DE9-9554-0DD5E8DB6C2A}.Release|x64.ActiveCfg = Release|x64
		{8C4E2242-7A6B-4DE9-9554-0DD5E8DB6C2A}.Release|x64.Build.0 = Release|x64
		{8C4E2242-7A6B-4DE9-9554-0DD5E8DB6C2A}.Release|x86.ActiveCfg = Release|Win32
		{8C4E2242-7A6B-4DE9-9554-0DD5E8DB6C2A}.Release|x86.Build.0 = Release|Win32
		{52388ED0-B238-43F7-9C11-6D76E8F8A788}.Debug|x64.ActiveCfg = Debug|x64
		{52388ED0-B238-43F7-9C11-6D76E8F8A788}.Debug|x64.Build.0 = Debug|x64
		{52388ED0-B238-43F7-9C11-6D76E8F8A788}.Debug|x86.ActiveCfg = Debug|Win32
		{52388ED0-B238-43F7-9C11-6D76E8F8A788}.Debug|x86.Build.0 = Debug|Win32
		{52388ED0-B238-43F7-9C11-6D76E8F8A788}.Release|x64.ActiveCfg = Release|x64
		{52388ED0-B238-43F7-9C11-6D76E8F8A788}.Release|x64.Build.0 = Release|x64
		{52388ED0-B238-43F7-9C11-6D76E8F8A788}.Release|x86.ActiveCfg = Release|Win32
		{52388ED0-B238-43F7-9C11-6D76E8F8A788}.Release|x86.Build.0 = Release|Win32
	EndGlobalSection
	GlobalSection(SolutionProperties) = preSolution
		HideSolutionNode = FALSE
	EndGlobalSection
	GlobalSection(ExtensibilityGlobals) = postSolution
		SolutionGuid = {8904EA7E-7304-4E9A-9C1A-9D94E189E0DB}
	EndGlobalSection
EndGlobal
